{
  "name": "math-ide",
  "version": "1.0.0",
  "lockfileVersion": 1,
  "requires": true,
  "dependencies": {
    "@types/jquery": {
      "version": "3.2.13",
      "resolved": "https://registry.npmjs.org/@types/jquery/-/jquery-3.2.13.tgz",
      "integrity": "sha512-T1rbXqLSQb4wDJClzfEgJ2kcjHrZXw+TcVzxhZCpnkv80FPj9bxGBatkUpd5flReysCBF9f+GR6bnzanoO5Cvw==",
      "dev": true
    },
    "@types/orderedmap": {
      "version": "1.0.0",
      "resolved": "https://registry.npmjs.org/@types/orderedmap/-/orderedmap-1.0.0.tgz",
      "integrity": "sha512-dxKo80TqYx3YtBipHwA/SdFmMMyLCnP+5mkEqN0eMjcTBzHkiiX0ES118DsjDBjvD+zeSsSU9jULTZ+frog+Gw==",
      "dev": true
    },
    "@types/prosemirror-commands": {
      "version": "0.24.0",
      "resolved": "https://registry.npmjs.org/@types/prosemirror-commands/-/prosemirror-commands-0.24.0.tgz",
      "integrity": "sha512-PuBD8BpqRx7KUJ2hW/CRVmZayHbL9SUFHb5JVXHVbFI/Ce2wLyRJJj/KgHPfz9KLI7jJne0ktjJsCPUwnYMEgg==",
      "dev": true,
      "requires": {
        "@types/prosemirror-model": "0.24.0",
        "@types/prosemirror-state": "0.24.0",
        "@types/prosemirror-view": "0.24.0"
      }
    },
    "@types/prosemirror-history": {
      "version": "0.21.2",
      "resolved": "https://registry.npmjs.org/@types/prosemirror-history/-/prosemirror-history-0.21.2.tgz",
      "integrity": "sha512-QGrnOPLxKDjfUpgPezerDaE6Or7LmJwQWGp/WeSG53CdF291NeOWnUjHRBD1i/SF8vNOb8Ez0enN7nOk2RZxOA==",
      "dev": true,
      "requires": {
        "@types/prosemirror-state": "0.24.0"
      }
    },
    "@types/prosemirror-keymap": {
      "version": "0.24.0",
      "resolved": "https://registry.npmjs.org/@types/prosemirror-keymap/-/prosemirror-keymap-0.24.0.tgz",
      "integrity": "sha512-6mYyfoMyjiGhzzkFPCse60mcgiGR5A/mx5bZmUD2fqtjh5qB1641NOpU+y59GP2rKFQBOHe9chSKeoiUZwM6vw==",
      "dev": true,
      "requires": {
        "@types/prosemirror-state": "0.24.0",
        "@types/prosemirror-view": "0.24.0"
      }
    },
    "@types/prosemirror-menu": {
      "version": "0.21.2",
      "resolved": "https://registry.npmjs.org/@types/prosemirror-menu/-/prosemirror-menu-0.21.2.tgz",
      "integrity": "sha512-rg4jFQ5cTT/EPipZf0H2WYZxtaCeoFibTbu7YO5umHIAsIbKL5CXTUB7Bs//n1Fc5P/ciwaelbJT4K5i8PqhCw==",
      "dev": true,
      "requires": {
        "@types/prosemirror-model": "0.24.0",
        "@types/prosemirror-state": "0.24.0",
        "@types/prosemirror-view": "0.24.0"
      }
    },
    "@types/prosemirror-model": {
      "version": "0.24.0",
      "resolved": "https://registry.npmjs.org/@types/prosemirror-model/-/prosemirror-model-0.24.0.tgz",
      "integrity": "sha512-c65pMPXKW17S0AmnRbkVOwyeRVfna8VPNLJfunAvthoXrhgg/0enXLAXYAiSpirhzo6RR+J1ukqIDUrDlfNRxw==",
      "dev": true,
      "requires": {
        "@types/orderedmap": "1.0.0"
      }
    },
    "@types/prosemirror-state": {
      "version": "0.24.0",
      "resolved": "https://registry.npmjs.org/@types/prosemirror-state/-/prosemirror-state-0.24.0.tgz",
      "integrity": "sha512-s0VyHyxjsihSEkOfg7VV+cWLg9drveKJ4S14ee9Mk0vU7e6yHa/FUdvsBDblJQ0RNU40YtXLMzqYHzWvhRNv+g==",
      "dev": true,
      "requires": {
        "@types/prosemirror-model": "0.24.0",
        "@types/prosemirror-transform": "0.24.0",
        "@types/prosemirror-view": "0.24.0"
      }
    },
    "@types/prosemirror-transform": {
      "version": "0.24.0",
      "resolved": "https://registry.npmjs.org/@types/prosemirror-transform/-/prosemirror-transform-0.24.0.tgz",
      "integrity": "sha512-sJ63ndg6eSlCLEMNfnUzb6FMcYKjiHLzBfLJCRZ5Hk0Z6Kk8ApByfmRo57v6FIwg1m2Q8Vgi+xcpQyz07i9e8w==",
      "dev": true,
      "requires": {
        "@types/prosemirror-model": "0.24.0"
      }
    },
    "@types/prosemirror-view": {
      "version": "0.24.0",
      "resolved": "https://registry.npmjs.org/@types/prosemirror-view/-/prosemirror-view-0.24.0.tgz",
      "integrity": "sha512-6iNfOi8txwh0eNbe01w4WKRHQ6rrPfxODIHuBBdjpPCYyvOICIVjnB6Vk5IaHEh2l82z3fNBDzev5Hsnwk2oRg==",
      "dev": true,
      "requires": {
        "@types/prosemirror-model": "0.24.0",
        "@types/prosemirror-state": "0.24.0",
        "@types/prosemirror-transform": "0.24.0"
      }
    },
    "any-promise": {
      "version": "1.3.0",
      "resolved": "https://registry.npmjs.org/any-promise/-/any-promise-1.3.0.tgz",
      "integrity": "sha1-q8av7tzqUugJzcA3au0845Y10X8=",
      "dev": true
    },
    "convert-source-map": {
      "version": "1.5.0",
      "resolved": "https://registry.npmjs.org/convert-source-map/-/convert-source-map-1.5.0.tgz",
      "integrity": "sha1-ms1whRxtXf3ZPZKC5e35SgP/RrU=",
      "dev": true
    },
    "core-util-is": {
      "version": "1.0.2",
      "resolved": "https://registry.npmjs.org/core-util-is/-/core-util-is-1.0.2.tgz",
      "integrity": "sha1-tf1UIgqivFq1eqtxQMlAdUUDwac=",
      "dev": true
    },
    "crel": {
      "version": "3.1.0",
      "resolved": "https://registry.npmjs.org/crel/-/crel-3.1.0.tgz",
      "integrity": "sha512-VIGY44ERxx8lXVkOEfcB0A49OkjxkQNK+j+fHvoLy7GsGX1KKgAaQ+p9N0YgvQXu+X+ryUWGDeLx/fSI+w7+eg=="
    },
    "error-ex": {
      "version": "1.3.1",
      "resolved": "https://registry.npmjs.org/error-ex/-/error-ex-1.3.1.tgz",
      "integrity": "sha1-+FWobOYa3E6GIcPNoh56dhLDqNw=",
      "dev": true,
      "requires": {
        "is-arrayish": "0.2.1"
      }
    },
    "fs.realpath": {
      "version": "1.0.0",
      "resolved": "https://registry.npmjs.org/fs.realpath/-/fs.realpath-1.0.0.tgz",
      "integrity": "sha1-FQStJSMVjKpA20onh8sBQRmU6k8=",
      "dev": true
    },
    "inherits": {
      "version": "2.0.3",
      "resolved": "https://registry.npmjs.org/inherits/-/inherits-2.0.3.tgz",
      "integrity": "sha1-Yzwsg+PaQqUC9SRmAiSA9CCCYd4=",
      "dev": true
    },
    "is-arrayish": {
      "version": "0.2.1",
      "resolved": "https://registry.npmjs.org/is-arrayish/-/is-arrayish-0.2.1.tgz",
      "integrity": "sha1-d8mYQFJ6qOyxqLppe4BkWnqSap0=",
      "dev": true
    },
    "is-utf8": {
      "version": "0.2.1",
      "resolved": "https://registry.npmjs.org/is-utf8/-/is-utf8-0.2.1.tgz",
      "integrity": "sha1-Sw2hRCEE0bM2NA6AeX6GXPOffXI=",
      "dev": true
    },
    "isarray": {
      "version": "1.0.0",
      "resolved": "https://registry.npmjs.org/isarray/-/isarray-1.0.0.tgz",
      "integrity": "sha1-u5NdSFgsuhaMBoNJV6VKPgcSTxE=",
      "dev": true
    },
    "object-assign": {
      "version": "4.1.1",
      "resolved": "https://registry.npmjs.org/object-assign/-/object-assign-4.1.1.tgz",
      "integrity": "sha1-IQmtx5ZYh8/AXLvUQsrIv7s2CGM=",
      "dev": true
    },
    "orderedmap": {
      "version": "1.0.0",
      "resolved": "https://registry.npmjs.org/orderedmap/-/orderedmap-1.0.0.tgz",
      "integrity": "sha1-2Q/Cuh7QhRkJB9YB3sbmpT+NQbo="
    },
    "parse-json": {
      "version": "2.2.0",
      "resolved": "https://registry.npmjs.org/parse-json/-/parse-json-2.2.0.tgz",
      "integrity": "sha1-9ID0BDTvgHQfhGkJn43qGPVaTck=",
      "dev": true,
      "requires": {
        "error-ex": "1.3.1"
      }
    },
    "process-nextick-args": {
      "version": "1.0.7",
      "resolved": "https://registry.npmjs.org/process-nextick-args/-/process-nextick-args-1.0.7.tgz",
      "integrity": "sha1-FQ4gt1ZZCtP5EJPyWk8q2L/zC6M=",
      "dev": true
    },
    "prosemirror-commands": {
      "version": "1.0.1",
      "resolved": "https://registry.npmjs.org/prosemirror-commands/-/prosemirror-commands-1.0.1.tgz",
      "integrity": "sha512-gYKGH+ltUytuJ42f0HNc/3by2QfZAwLiqGTuYi38M4S4uhkfWCvFEFsc0OwngopUlCOYLQ/BRFsc3nbWii8ehA==",
      "requires": {
        "prosemirror-model": "1.0.0",
        "prosemirror-state": "1.0.0",
        "prosemirror-transform": "1.0.0"
      }
    },
    "prosemirror-dropcursor": {
      "version": "1.0.0",
      "resolved": "https://registry.npmjs.org/prosemirror-dropcursor/-/prosemirror-dropcursor-1.0.0.tgz",
      "integrity": "sha512-3KVq3UaSJTLm5ApXytLW5VnO12WOZVe/5epPzLPRvfNkeLwJ6MhFWKOjocctHbSmFGE1KORjotGPHSba2I8GOw==",
      "requires": {
        "prosemirror-state": "1.0.0",
        "prosemirror-view": "1.0.0"
      }
    },
    "prosemirror-example-setup": {
      "version": "1.0.0",
      "resolved": "https://registry.npmjs.org/prosemirror-example-setup/-/prosemirror-example-setup-1.0.0.tgz",
      "integrity": "sha512-rh2edQUJG5FeBe7J5SvpGbTrzXUPpmLKAyCN20sbRcNWuovnJ52E/HenbGixnh3/kWBYZd+9NO599OoYi3pEug==",
      "requires": {
        "prosemirror-commands": "1.0.1",
        "prosemirror-dropcursor": "1.0.0",
        "prosemirror-gapcursor": "1.0.0",
        "prosemirror-history": "1.0.0",
        "prosemirror-inputrules": "1.0.0",
        "prosemirror-keymap": "1.0.0",
        "prosemirror-menu": "1.0.0",
        "prosemirror-schema-list": "1.0.0",
        "prosemirror-state": "1.0.0"
      }
    },
    "prosemirror-gapcursor": {
      "version": "1.0.0",
      "resolved": "https://registry.npmjs.org/prosemirror-gapcursor/-/prosemirror-gapcursor-1.0.0.tgz",
      "integrity": "sha512-fJRXlDwzK3FN9ia2iOonWh2ZWnHfzkC8e+YSPvAO5Kwe0CdDHzyLcXy9QIH2syeY7vtdSGL75IvdU4cMmGRqTA==",
      "requires": {
        "prosemirror-keymap": "1.0.0",
        "prosemirror-model": "1.0.0",
        "prosemirror-state": "1.0.0",
        "prosemirror-view": "1.0.0"
      }
    },
    "prosemirror-history": {
      "version": "1.0.0",
      "resolved": "https://registry.npmjs.org/prosemirror-history/-/prosemirror-history-1.0.0.tgz",
      "integrity": "sha512-I18DxNJmK+jmsuVnSeZBHdCiR6yURi+zOhwB5JFB9CdDrE8kDlm1sYWNyxUCRngI4XVdbT8T+5oeyuleEx/GOA==",
      "requires": {
        "prosemirror-state": "1.0.0",
        "prosemirror-transform": "1.0.0",
        "rope-sequence": "1.2.2"
      }
    },
    "prosemirror-inputrules": {
      "version": "1.0.0",
      "resolved": "https://registry.npmjs.org/prosemirror-inputrules/-/prosemirror-inputrules-1.0.0.tgz",
      "integrity": "sha512-oQQI/Tuqwm4b71neZtsFBaZz+n2tbAIOWLiDblEqI5xh4S1RA76qWu2AGxbxGAbZtNLotAnLKhplagB67z/k8g==",
      "requires": {
        "prosemirror-state": "1.0.0",
        "prosemirror-transform": "1.0.0"
      }
    },
    "prosemirror-keymap": {
      "version": "1.0.0",
      "resolved": "https://registry.npmjs.org/prosemirror-keymap/-/prosemirror-keymap-1.0.0.tgz",
      "integrity": "sha512-Bi367ZZ7ihXFVreRkxvu9ayLJnPIZGGR7K8CdW4TjXDqKGAsgyfi2sGfp6hhbfAIDeHAzwB6vjqIL7by0jOymA==",
      "requires": {
        "prosemirror-state": "1.0.0",
        "w3c-keyname": "1.1.7"
      }
    },
    "prosemirror-menu": {
      "version": "1.0.0",
      "resolved": "https://registry.npmjs.org/prosemirror-menu/-/prosemirror-menu-1.0.0.tgz",
      "integrity": "sha512-dUFsUieHDH8bEz13VsCHSqchzPquBPKR3Y0Sw8Ad2QhjWaF9EUWAFoGOuIDQcQGLmj7TYrbshifNZyrJzMsVHw==",
      "requires": {
        "crel": "3.1.0",
        "prosemirror-commands": "1.0.1",
        "prosemirror-history": "1.0.0",
        "prosemirror-state": "1.0.0"
      }
    },
    "prosemirror-model": {
      "version": "1.0.0",
      "resolved": "https://registry.npmjs.org/prosemirror-model/-/prosemirror-model-1.0.0.tgz",
      "integrity": "sha512-8wi+Wn+ot3+HNISQBfXRS6ucnYV6fXL15TgDwuTmWdvk02gFALYgOyIcBV0eP3gXSmQAqM0uVHOQaCAPTKAbBQ==",
      "requires": {
        "orderedmap": "1.0.0"
      }
    },
    "prosemirror-schema-list": {
      "version": "1.0.0",
      "resolved": "https://registry.npmjs.org/prosemirror-schema-list/-/prosemirror-schema-list-1.0.0.tgz",
      "integrity": "sha512-NPs+URTmYvU15dkMYxVIAb1i7/xZjDH+OWr3tlmF7Pvs0CYGUqTK4kFQDvlxs36s5jzl62nwD1/s7X+qToNAoQ==",
      "requires": {
        "prosemirror-model": "1.0.0",
        "prosemirror-transform": "1.0.0"
      }
    },
    "prosemirror-state": {
      "version": "1.0.0",
      "resolved": "https://registry.npmjs.org/prosemirror-state/-/prosemirror-state-1.0.0.tgz",
      "integrity": "sha512-byQpF+L97yPBjtKzFfc8bGh+oEilYKcDdbGPCPr3divDdTd1tfufvzDyi78rH2qeZmqNnGTgLD4ieiLTYvQ1+w==",
      "requires": {
        "prosemirror-model": "1.0.0",
        "prosemirror-transform": "1.0.0"
      }
    },
    "prosemirror-transform": {
      "version": "1.0.0",
      "resolved": "https://registry.npmjs.org/prosemirror-transform/-/prosemirror-transform-1.0.0.tgz",
      "integrity": "sha512-3nS9s5/pUZjAqMe1yQlwxxwxKcBgyhipDdwuzjE6seQdz96ACiWrNzqjW+JLishrwqEJGXvSUjMtdMPI5awAog==",
      "requires": {
        "prosemirror-model": "1.0.0"
      }
    },
    "prosemirror-view": {
      "version": "1.0.0",
      "resolved": "https://registry.npmjs.org/prosemirror-view/-/prosemirror-view-1.0.0.tgz",
      "integrity": "sha512-Du4PEajxqmOA0kLZ4rZgGuc1/hZcesU0VMMzTOo717u5b25wYOcU1Tp9HiOdLn7yHac1JSjJGSwKIMsL93MM4w==",
      "requires": {
        "prosemirror-model": "1.0.0",
        "prosemirror-state": "1.0.0",
        "prosemirror-transform": "1.0.0"
      }
    },
    "readable-stream": {
      "version": "2.3.3",
      "resolved": "https://registry.npmjs.org/readable-stream/-/readable-stream-2.3.3.tgz",
      "integrity": "sha512-m+qzzcn7KUxEmd1gMbchF+Y2eIUbieUaxkWtptyHywrX0rE8QEYqPC07Vuy4Wm32/xE16NcdBctb8S0Xe/5IeQ==",
      "dev": true,
      "requires": {
        "core-util-is": "1.0.2",
        "inherits": "2.0.3",
        "isarray": "1.0.0",
        "process-nextick-args": "1.0.7",
        "safe-buffer": "5.1.1",
        "string_decoder": "1.0.3",
        "util-deprecate": "1.0.2"
      }
    },
    "rope-sequence": {
      "version": "1.2.2",
      "resolved": "https://registry.npmjs.org/rope-sequence/-/rope-sequence-1.2.2.tgz",
      "integrity": "sha1-ScTlwvVKSOmQsFCSZ3HihxvLMc4="
    },
    "safe-buffer": {
      "version": "5.1.1",
      "resolved": "https://registry.npmjs.org/safe-buffer/-/safe-buffer-5.1.1.tgz",
      "integrity": "sha512-kKvNJn6Mm93gAczWVJg7wH+wGYWNrDHdWvpUmHyEsgCtIwwo3bqPtV4tR5tuPaUhTOo/kvhVwd8XwwOllGYkbg==",
      "dev": true
    },
    "semver": {
      "version": "5.4.1",
      "resolved": "https://registry.npmjs.org/semver/-/semver-5.4.1.tgz",
      "integrity": "sha512-WfG/X9+oATh81XtllIo/I8gOiY9EXRdv1cQdyykeXK17YcUW3EXUAi2To4pcH6nZtJPr7ZOpM5OMyWJZm+8Rsg==",
      "dev": true
    },
    "string_decoder": {
      "version": "1.0.3",
      "resolved": "https://registry.npmjs.org/string_decoder/-/string_decoder-1.0.3.tgz",
      "integrity": "sha512-4AH6Z5fzNNBcH+6XDMfA/BTt87skxqJlO0lAh3Dker5zThcAxG6mKz+iGu308UKoPPQ8Dcqx/4JhujzltRa+hQ==",
      "dev": true,
      "requires": {
        "safe-buffer": "5.1.1"
      }
    },
    "strip-bom": {
      "version": "2.0.0",
      "resolved": "https://registry.npmjs.org/strip-bom/-/strip-bom-2.0.0.tgz",
      "integrity": "sha1-YhmoVhZSBJHzV4i9vxRHqZx+aw4=",
      "dev": true,
      "requires": {
        "is-utf8": "0.2.1"
      }
    },
    "strip-json-comments": {
      "version": "2.0.1",
      "resolved": "https://registry.npmjs.org/strip-json-comments/-/strip-json-comments-2.0.1.tgz",
      "integrity": "sha1-PFMZQukIwml8DsNEhYwobHygpgo=",
      "dev": true
    },
    "through2": {
      "version": "2.0.3",
      "resolved": "https://registry.npmjs.org/through2/-/through2-2.0.3.tgz",
      "integrity": "sha1-AARWmzfHx0ujnEPzzteNGtlBQL4=",
      "dev": true,
      "requires": {
        "readable-stream": "2.3.3",
        "xtend": "4.0.1"
      }
    },
    "tsconfig": {
      "version": "5.0.3",
      "resolved": "https://registry.npmjs.org/tsconfig/-/tsconfig-5.0.3.tgz",
      "integrity": "sha1-X0J45wGACWeo/Dg/0ZZIh48qbjo=",
      "dev": true,
      "requires": {
        "any-promise": "1.3.0",
        "parse-json": "2.2.0",
        "strip-bom": "2.0.0",
        "strip-json-comments": "2.0.1"
      }
    },
    "tsify": {
      "version": "3.0.3",
      "resolved": "https://registry.npmjs.org/tsify/-/tsify-3.0.3.tgz",
      "integrity": "sha1-oDLhpqccJiHD8lwEFUWdU7cLnsA=",
      "dev": true,
      "requires": {
        "convert-source-map": "1.5.0",
        "fs.realpath": "1.0.0",
        "object-assign": "4.1.1",
        "semver": "5.4.1",
        "through2": "2.0.3",
        "tsconfig": "5.0.3"
      }
    },
    "typescript": {
      "version": "2.5.3",
      "resolved": "https://registry.npmjs.org/typescript/-/typescript-2.5.3.tgz",
      "integrity": "sha512-ptLSQs2S4QuS6/OD1eAKG+S5G8QQtrU5RT32JULdZQtM1L3WTi34Wsu48Yndzi8xsObRAB9RPt/KhA9wlpEF6w==",
      "dev": true
    },
    "util-deprecate": {
      "version": "1.0.2",
      "resolved": "https://registry.npmjs.org/util-deprecate/-/util-deprecate-1.0.2.tgz",
      "integrity": "sha1-RQ1Nyfpw3nMnYvvS1KKJgUGaDM8=",
      "dev": true
    },
    "w3c-keyname": {
      "version": "1.1.7",
      "resolved": "https://registry.npmjs.org/w3c-keyname/-/w3c-keyname-1.1.7.tgz",
      "integrity": "sha512-y8LDSqui+xht2ffcWg7SqxveC6gUK2yhtEPz8ulULcjq2CRi6HfmDJdUAcDDoDW6U5FB2IXZqwlWA19OayAhxQ=="
    },
    "xtend": {
      "version": "4.0.1",
      "resolved": "https://registry.npmjs.org/xtend/-/xtend-4.0.1.tgz",
      "integrity": "sha1-pcbVMr5lbiPbgg77lDofBJmNY68=",
      "dev": true
    }
  }
}
